// !$*UTF8*$!
{
	archiveVersion = 1;
	classes = {
	};
	objectVersion = 46;
	objects = {

/* Begin PBXBuildFile section */
		7D64C05B1EA7CB950037067E /* AppDelegate.swift in Sources */ = {isa = PBXBuildFile; fileRef = 7D64C05A1EA7CB950037067E /* AppDelegate.swift */; };
		7D64C05D1EA7CB950037067E /* ViewController.swift in Sources */ = {isa = PBXBuildFile; fileRef = 7D64C05C1EA7CB950037067E /* ViewController.swift */; };
		7D64C0601EA7CB950037067E /* Main.storyboard in Resources */ = {isa = PBXBuildFile; fileRef = 7D64C05E1EA7CB950037067E /* Main.storyboard */; };
		7D64C0621EA7CB950037067E /* Assets.xcassets in Resources */ = {isa = PBXBuildFile; fileRef = 7D64C0611EA7CB950037067E /* Assets.xcassets */; };
		7D64C0651EA7CB950037067E /* LaunchScreen.storyboard in Resources */ = {isa = PBXBuildFile; fileRef = 7D64C0631EA7CB950037067E /* LaunchScreen.storyboard */; };
		7D64C0701EA7CB950037067E /* Rapid_RouterTests.swift in Sources */ = {isa = PBXBuildFile; fileRef = 7D64C06F1EA7CB950037067E /* Rapid_RouterTests.swift */; };
/* End PBXBuildFile section */

/* Begin PBXContainerItemProxy section */
		7D64C06C1EA7CB950037067E /* PBXContainerItemProxy */ = {
			isa = PBXContainerItemProxy;
			containerPortal = 7D64C04F1EA7CB950037067E /* Project object */;
			proxyType = 1;
			remoteGlobalIDString = 7D64C0561EA7CB950037067E;
			remoteInfo = "Rapid Router";
		};
/* End PBXContainerItemProxy section */

/* Begin PBXFileReference section */
		7D64C0571EA7CB950037067E /* Rapid Router.app */ = {isa = PBXFileReference; explicitFileType = wrapper.application; includeInIndex = 0; path = "Rapid Router.app"; sourceTree = BUILT_PRODUCTS_DIR; };
		7D64C05A1EA7CB950037067E /* AppDelegate.swift */ = {isa = PBXFileReference; lastKnownFileType = sourcecode.swift; path = AppDelegate.swift; sourceTree = "<group>"; };
		7D64C05C1EA7CB950037067E /* ViewController.swift */ = {isa = PBXFileReference; lastKnownFileType = sourcecode.swift; path = ViewController.swift; sourceTree = "<group>"; };
		7D64C05F1EA7CB950037067E /* Base */ = {isa = PBXFileReference; lastKnownFileType = file.storyboard; name = Base; path = Base.lproj/Main.storyboard; sourceTree = "<group>"; };
		7D64C0611EA7CB950037067E /* Assets.xcassets */ = {isa = PBXFileReference; lastKnownFileType = folder.assetcatalog; path = Assets.xcassets; sourceTree = "<group>"; };
		7D64C0641EA7CB950037067E /* Base */ = {isa = PBXFileReference; lastKnownFileType = file.storyboard; name = Base; path = Base.lproj/LaunchScreen.storyboard; sourceTree = "<group>"; };
		7D64C0661EA7CB950037067E /* Info.plist */ = {isa = PBXFileReference; lastKnownFileType = text.plist.xml; path = Info.plist; sourceTree = "<group>"; };
		7D64C06B1EA7CB950037067E /* Rapid RouterTests.xctest */ = {isa = PBXFileReference; explicitFileType = wrapper.cfbundle; includeInIndex = 0; path = "Rapid RouterTests.xctest"; sourceTree = BUILT_PRODUCTS_DIR; };
		7D64C06F1EA7CB950037067E /* Rapid_RouterTests.swift */ = {isa = PBXFileReference; lastKnownFileType = sourcecode.swift; path = Rapid_RouterTests.swift; sourceTree = "<group>"; };
		7D64C0711EA7CB950037067E /* Info.plist */ = {isa = PBXFileReference; lastKnownFileType = text.plist.xml; path = Info.plist; sourceTree = "<group>"; };
/* End PBXFileReference section */

/* Begin PBXFrameworksBuildPhase section */
		7D64C0541EA7CB950037067E /* Frameworks */ = {
			isa = PBXFrameworksBuildPhase;
			buildActionMask = 2147483647;
			files = (
			);
			runOnlyForDeploymentPostprocessing = 0;
		};
		7D64C0681EA7CB950037067E /* Frameworks */ = {
			isa = PBXFrameworksBuildPhase;
			buildActionMask = 2147483647;
			files = (
			);
			runOnlyForDeploymentPostprocessing = 0;
		};
/* End PBXFrameworksBuildPhase section */

/* Begin PBXGroup section */
		7D64C04E1EA7CB950037067E = {
			isa = PBXGroup;
			children = (
				7D64C0591EA7CB950037067E /* Rapid Router */,
				7D64C06E1EA7CB950037067E /* Rapid RouterTests */,
				7D64C0581EA7CB950037067E /* Products */,
			);
			sourceTree = "<group>";
		};
		7D64C0581EA7CB950037067E /* Products */ = {
			isa = PBXGroup;
			children = (
				7D64C0571EA7CB950037067E /* Rapid Router.app */,
				7D64C06B1EA7CB950037067E /* Rapid RouterTests.xctest */,
			);
			name = Products;
			sourceTree = "<group>";
		};
		7D64C0591EA7CB950037067E /* Rapid Router */ = {
			isa = PBXGroup;
			children = (
				7D64C05A1EA7CB950037067E /* AppDelegate.swift */,
				7D64C05C1EA7CB950037067E /* ViewController.swift */,
				7D64C05E1EA7CB950037067E /* Main.storyboard */,
				7D64C0611EA7CB950037067E /* Assets.xcassets */,
				7D64C0631EA7CB950037067E /* LaunchScreen.storyboard */,
				7D64C0661EA7CB950037067E /* Info.plist */,
			);
			path = "Rapid Router";
			sourceTree = "<group>";
		};
		7D64C06E1EA7CB950037067E /* Rapid RouterTests */ = {
			isa = PBXGroup;
			children = (
				7D64C06F1EA7CB950037067E /* Rapid_RouterTests.swift */,
				7D64C0711EA7CB950037067E /* Info.plist */,
			);
			path = "Rapid RouterTests";
			sourceTree = "<group>";
		};
/* End PBXGroup section */

/* Begin PBXNativeTarget section */
		7D64C0561EA7CB950037067E /* Rapid Router */ = {
			isa = PBXNativeTarget;
			buildConfigurationList = 7D64C0741EA7CB950037067E /* Build configuration list for PBXNativeTarget "Rapid Router" */;
			buildPhases = (
				7D64C0531EA7CB950037067E /* Sources */,
				7D64C0541EA7CB950037067E /* Frameworks */,
				7D64C0551EA7CB950037067E /* Resources */,
			);
			buildRules = (
			);
			dependencies = (
			);
			name = "Rapid Router";
			productName = "Rapid Router";
			productReference = 7D64C0571EA7CB950037067E /* Rapid Router.app */;
			productType = "com.apple.product-type.application";
		};
		7D64C06A1EA7CB950037067E /* Rapid RouterTests */ = {
			isa = PBXNativeTarget;
			buildConfigurationList = 7D64C0771EA7CB950037067E /* Build configuration list for PBXNativeTarget "Rapid RouterTests" */;
			buildPhases = (
				7D64C0671EA7CB950037067E /* Sources */,
				7D64C0681EA7CB950037067E /* Frameworks */,
				7D64C0691EA7CB950037067E /* Resources */,
			);
			buildRules = (
			);
			dependencies = (
				7D64C06D1EA7CB950037067E /* PBXTargetDependency */,
			);
			name = "Rapid RouterTests";
			productName = "Rapid RouterTests";
			productReference = 7D64C06B1EA7CB950037067E /* Rapid RouterTests.xctest */;
			productType = "com.apple.product-type.bundle.unit-test";
		};
/* End PBXNativeTarget section */

/* Begin PBXProject section */
		7D64C04F1EA7CB950037067E /* Project object */ = {
			isa = PBXProject;
			attributes = {
				LastSwiftUpdateCheck = 0820;
				LastUpgradeCheck = 0820;
				ORGANIZATIONNAME = Ocado;
				TargetAttributes = {
					7D64C0561EA7CB950037067E = {
						CreatedOnToolsVersion = 8.2.1;
						DevelopmentTeam = 9FE358G3AM;
						ProvisioningStyle = Automatic;
					};
					7D64C06A1EA7CB950037067E = {
						CreatedOnToolsVersion = 8.2.1;
						DevelopmentTeam = 9FE358G3AM;
						ProvisioningStyle = Automatic;
						TestTargetID = 7D64C0561EA7CB950037067E;
					};
				};
			};
			buildConfigurationList = 7D64C0521EA7CB950037067E /* Build configuration list for PBXProject "Rapid Router" */;
			compatibilityVersion = "Xcode 3.2";
			developmentRegion = English;
			hasScannedForEncodings = 0;
			knownRegions = (
				en,
				Base,
			);
			mainGroup = 7D64C04E1EA7CB950037067E;
			productRefGroup = 7D64C0581EA7CB950037067E /* Products */;
			projectDirPath = "";
			projectRoot = "";
			targets = (
				7D64C0561EA7CB950037067E /* Rapid Router */,
				7D64C06A1EA7CB950037067E /* Rapid RouterTests */,
			);
		};
/* End PBXProject section */

/* Begin PBXResourcesBuildPhase section */
		7D64C0551EA7CB950037067E /* Resources */ = {
			isa = PBXResourcesBuildPhase;
			buildActionMask = 2147483647;
			files = (
				7D64C0651EA7CB950037067E /* LaunchScreen.storyboard in Resources */,
				7D64C0621EA7CB950037067E /* Assets.xcassets in Resources */,
				7D64C0601EA7CB950037067E /* Main.storyboard in Resources */,
			);
			runOnlyForDeploymentPostprocessing = 0;
		};
		7D64C0691EA7CB950037067E /* Resources */ = {
			isa = PBXResourcesBuildPhase;
			buildActionMask = 2147483647;
			files = (
			);
			runOnlyForDeploymentPostprocessing = 0;
		};
/* End PBXResourcesBuildPhase section */

/* Begin PBXSourcesBuildPhase section */
		7D64C0531EA7CB950037067E /* Sources */ = {
			isa = PBXSourcesBuildPhase;
			buildActionMask = 2147483647;
			files = (
				7D64C05D1EA7CB950037067E /* ViewController.swift in Sources */,
				7D64C05B1EA7CB950037067E /* AppDelegate.swift in Sources */,
			);
			runOnlyForDeploymentPostprocessing = 0;
		};
		7D64C0671EA7CB950037067E /* Sources */ = {
			isa = PBXSourcesBuildPhase;
			buildActionMask = 2147483647;
			files = (
				7D64C0701EA7CB950037067E /* Rapid_RouterTests.swift in Sources */,
			);
			runOnlyForDeploymentPostprocessing = 0;
		};
/* End PBXSourcesBuildPhase section */

/* Begin PBXTargetDependency section */
		7D64C06D1EA7CB950037067E /* PBXTargetDependency */ = {
			isa = PBXTargetDependency;
			target = 7D64C0561EA7CB950037067E /* Rapid Router */;
			targetProxy = 7D64C06C1EA7CB950037067E /* PBXContainerItemProxy */;
		};
/* End PBXTargetDependency section */

/* Begin PBXVariantGroup section */
		7D64C05E1EA7CB950037067E /* Main.storyboard */ = {
			isa = PBXVariantGroup;
			children = (
				7D64C05F1EA7CB950037067E /* Base */,
			);
			name = Main.storyboard;
			sourceTree = "<group>";
		};
		7D64C0631EA7CB950037067E /* LaunchScreen.storyboard */ = {
			isa = PBXVariantGroup;
			children = (
				7D64C0641EA7CB950037067E /* Base */,
			);
			name = LaunchScreen.storyboard;
			sourceTree = "<group>";
		};
/* End PBXVariantGroup section */

/* Begin XCBuildConfiguration section */
		7D64C0721EA7CB950037067E /* Debug */ = {
			isa = XCBuildConfiguration;
			buildSettings = {
				ALWAYS_SEARCH_USER_PATHS = NO;
				CLANG_ANALYZER_NONNULL = YES;
				CLANG_CXX_LANGUAGE_STANDARD = "gnu++0x";
				CLANG_CXX_LIBRARY = "libc++";
				CLANG_ENABLE_MODULES = YES;
				CLANG_ENABLE_OBJC_ARC = YES;
				CLANG_WARN_BOOL_CONVERSION = YES;
				CLANG_WARN_CONSTANT_CONVERSION = YES;
				CLANG_WARN_DIRECT_OBJC_ISA_USAGE = YES_ERROR;
				CLANG_WARN_DOCUMENTATION_COMMENTS = YES;
				CLANG_WARN_EMPTY_BODY = YES;
				CLANG_WARN_ENUM_CONVERSION = YES;
				CLANG_WARN_INFINITE_RECURSION = YES;
				CLANG_WARN_INT_CONVERSION = YES;
				CLANG_WARN_OBJC_ROOT_CLASS = YES_ERROR;
				CLANG_WARN_SUSPICIOUS_MOVE = YES;
				CLANG_WARN_UNREACHABLE_CODE = YES;
				CLANG_WARN__DUPLICATE_METHOD_MATCH = YES;
				"CODE_SIGN_IDENTITY[sdk=iphoneos*]" = "iPhone Developer";
				COPY_PHASE_STRIP = NO;
				DEBUG_INFORMATION_FORMAT = dwarf;
				ENABLE_STRICT_OBJC_MSGSEND = YES;
				ENABLE_TESTABILITY = YES;
				GCC_C_LANGUAGE_STANDARD = gnu99;
				GCC_DYNAMIC_NO_PIC = NO;
				GCC_NO_COMMON_BLOCKS = YES;
				GCC_OPTIMIZATION_LEVEL = 0;
				GCC_PREPROCESSOR_DEFINITIONS = (
					"DEBUG=1",
					"$(inherited)",
				);
				GCC_WARN_64_TO_32_BIT_CONVERSION = YES;
				GCC_WARN_ABOUT_RETURN_TYPE = YES_ERROR;
				GCC_WARN_UNDECLARED_SELECTOR = YES;
				GCC_WARN_UNINITIALIZED_AUTOS = YES_AGGRESSIVE;
				GCC_WARN_UNUSED_FUNCTION = YES;
				GCC_WARN_UNUSED_VARIABLE = YES;
				IPHONEOS_DEPLOYMENT_TARGET = 10.2;
				MTL_ENABLE_DEBUG_INFO = YES;
				ONLY_ACTIVE_ARCH = YES;
				SDKROOT = iphoneos;
				SWIFT_ACTIVE_COMPILATION_CONDITIONS = DEBUG;
				SWIFT_OPTIMIZATION_LEVEL = "-Onone";
				TARGETED_DEVICE_FAMILY = "1,2";
			};
			name = Debug;
		};
		7D64C0731EA7CB950037067E /* Release */ = {
			isa = XCBuildConfiguration;
			buildSettings = {
				ALWAYS_SEARCH_USER_PATHS = NO;
				CLANG_ANALYZER_NONNULL = YES;
				CLANG_CXX_LANGUAGE_STANDARD = "gnu++0x";
				CLANG_CXX_LIBRARY = "libc++";
				CLANG_ENABLE_MODULES = YES;
				CLANG_ENABLE_OBJC_ARC = YES;
				CLANG_WARN_BOOL_CONVERSION = YES;
				CLANG_WARN_CONSTANT_CONVERSION = YES;
				CLANG_WARN_DIRECT_OBJC_ISA_USAGE = YES_ERROR;
				CLANG_WARN_DOCUMENTATION_COMMENTS = YES;
				CLANG_WARN_EMPTY_BODY = YES;
				CLANG_WARN_ENUM_CONVERSION = YES;
				CLANG_WARN_INFINITE_RECURSION = YES;
				CLANG_WARN_INT_CONVERSION = YES;
				CLANG_WARN_OBJC_ROOT_CLASS = YES_ERROR;
				CLANG_WARN_SUSPICIOUS_MOVE = YES;
				CLANG_WARN_UNREACHABLE_CODE = YES;
				CLANG_WARN__DUPLICATE_METHOD_MATCH = YES;
				"CODE_SIGN_IDENTITY[sdk=iphoneos*]" = "iPhone Developer";
				COPY_PHASE_STRIP = NO;
				DEBUG_INFORMATION_FORMAT = "dwarf-with-dsym";
				ENABLE_NS_ASSERTIONS = NO;
				ENABLE_STRICT_OBJC_MSGSEND = YES;
				GCC_C_LANGUAGE_STANDARD = gnu99;
				GCC_NO_COMMON_BLOCKS = YES;
				GCC_WARN_64_TO_32_BIT_CONVERSION = YES;
				GCC_WARN_ABOUT_RETURN_TYPE = YES_ERROR;
				GCC_WARN_UNDECLARED_SELECTOR = YES;
				GCC_WARN_UNINITIALIZED_AUTOS = YES_AGGRESSIVE;
				GCC_WARN_UNUSED_FUNCTION = YES;
				GCC_WARN_UNUSED_VARIABLE = YES;
				IPHONEOS_DEPLOYMENT_TARGET = 10.2;
				MTL_ENABLE_DEBUG_INFO = NO;
				SDKROOT = iphoneos;
				SWIFT_OPTIMIZATION_LEVEL = "-Owholemodule";
				TARGETED_DEVICE_FAMILY = "1,2";
				VALIDATE_PRODUCT = YES;
			};
			name = Release;
		};
		7D64C0751EA7CB950037067E /* Debug */ = {
			isa = XCBuildConfiguration;
			buildSettings = {
				ASSETCATALOG_COMPILER_APPICON_NAME = AppIcon;
				DEVELOPMENT_TEAM = 9FE358G3AM;
				INFOPLIST_FILE = "Rapid Router/Info.plist";
				LD_RUNPATH_SEARCH_PATHS = "$(inherited) @executable_path/Frameworks";
				PRODUCT_BUNDLE_IDENTIFIER = "com.ocado.Rapid-Router";
				PRODUCT_NAME = "$(TARGET_NAME)";
				SWIFT_VERSION = 3.0;
			};
			name = Debug;
		};
		7D64C0761EA7CB950037067E /* Release */ = {
			isa = XCBuildConfiguration;
			buildSettings = {
				ASSETCATALOG_COMPILER_APPICON_NAME = AppIcon;
				DEVELOPMENT_TEAM = 9FE358G3AM;
				INFOPLIST_FILE = "Rapid Router/Info.plist";
				LD_RUNPATH_SEARCH_PATHS = "$(inherited) @executable_path/Frameworks";
				PRODUCT_BUNDLE_IDENTIFIER = "com.ocado.Rapid-Router";
				PRODUCT_NAME = "$(TARGET_NAME)";
				SWIFT_VERSION = 3.0;
			};
			name = Release;
		};
		7D64C0781EA7CB950037067E /* Debug */ = {
			isa = XCBuildConfiguration;
			buildSettings = {
				ALWAYS_EMBED_SWIFT_STANDARD_LIBRARIES = YES;
				BUNDLE_LOADER = "$(TEST_HOST)";
				DEVELOPMENT_TEAM = 9FE358G3AM;
				INFOPLIST_FILE = "Rapid RouterTests/Info.plist";
				LD_RUNPATH_SEARCH_PATHS = "$(inherited) @executable_path/Frameworks @loader_path/Frameworks";
				PRODUCT_BUNDLE_IDENTIFIER = "com.ocado.Rapid-RouterTests";
				PRODUCT_NAME = "$(TARGET_NAME)";
				SWIFT_VERSION = 3.0;
				TEST_HOST = "$(BUILT_PRODUCTS_DIR)/Rapid Router.app/Rapid Router";
			};
			name = Debug;
		};
		7D64C0791EA7CB950037067E /* Release */ = {
			isa = XCBuildConfiguration;
			buildSettings = {
				ALWAYS_EMBED_SWIFT_STANDARD_LIBRARIES = YES;
				BUNDLE_LOADER = "$(TEST_HOST)";
				DEVELOPMENT_TEAM = 9FE358G3AM;
				INFOPLIST_FILE = "Rapid RouterTests/Info.plist";
				LD_RUNPATH_SEARCH_PATHS = "$(inherited) @executable_path/Frameworks @loader_path/Frameworks";
				PRODUCT_BUNDLE_IDENTIFIER = "com.ocado.Rapid-RouterTests";
				PRODUCT_NAME = "$(TARGET_NAME)";
				SWIFT_VERSION = 3.0;
				TEST_HOST = "$(BUILT_PRODUCTS_DIR)/Rapid Router.app/Rapid Router";
			};
			name = Release;
		};
/* End XCBuildConfiguration section */

/* Begin XCConfigurationList section */
		7D64C0521EA7CB950037067E /* Build configuration list for PBXProject "Rapid Router" */ = {
			isa = XCConfigurationList;
			buildConfigurations = (
				7D64C0721EA7CB950037067E /* Debug */,
				7D64C0731EA7CB950037067E /* Release */,
			);
			defaultConfigurationIsVisible = 0;
			defaultConfigurationName = Release;
		};
		7D64C0741EA7CB950037067E /* Build configuration list for PBXNativeTarget "Rapid Router" */ = {
			isa = XCConfigurationList;
			buildConfigurations = (
				7D64C0751EA7CB950037067E /* Debug */,
				7D64C0761EA7CB950037067E /* Release */,
			);
			defaultConfigurationIsVisible = 0;
		};
		7D64C0771EA7CB950037067E /* Build configuration list for PBXNativeTarget "Rapid RouterTests" */ = {
			isa = XCConfigurationList;
			buildConfigurations = (
				7D64C0781EA7CB950037067E /* Debug */,
				7D64C0791EA7CB950037067E /* Release */,
			);
			defaultConfigurationIsVisible = 0;
		};
/* End XCConfigurationList section */
	};
	rootObject = 7D64C04F1EA7CB950037067E /* Project object */;
}
